
Microsoft Visual Studio Solution File, Format Version 12.00
# Visual Studio Version 16
VisualStudioVersion = 16.0.31105.61
MinimumVisualStudioVersion = 10.0.40219.1
Project("{FAE04EC0-301F-11D3-BF4B-00C04F79EFBC}") = "DaVcheztService", "DaVcheztService\DaVcheztService.csproj", "{13AE3E4A-35CD-45F9-9AB4-B142EF8E900A}"
EndProject
Project("{FAE04EC0-301F-11D3-BF4B-00C04F79EFBC}") = "WinFormsApp", "WinFormsApp\WinFormsApp.csproj", "{41D7D4BF-58F7-4861-9F46-95F582EF26B6}"
EndProject
Project("{FAE04EC0-301F-11D3-BF4B-00C04F79EFBC}") = "ConsoleApp", "ConsoleApp\ConsoleApp.csproj", "{95C6AB86-0FE3-4B00-AFA2-5AF852C7C3B6}"
EndProject
Project("{FAE04EC0-301F-11D3-BF4B-00C04F79EFBC}") = "TrayApp", "TrayApp\TrayApp.csproj", "{AAF9B8D3-736E-40AC-935B-F44043EC2691}"
EndProject
Global
	GlobalSection(SolutionConfigurationPlatforms) = preSolution
		Debug|Any CPU = Debug|Any CPU
		Release|Any CPU = Release|Any CPU
	EndGlobalSection
	GlobalSection(ProjectConfigurationPlatforms) = postSolution
		{13AE3E4A-35CD-45F9-9AB4-B142EF8E900A}.Debug|Any CPU.ActiveCfg = Debug|Any CPU
		{13AE3E4A-35CD-45F9-9AB4-B142EF8E900A}.Debug|Any CPU.Build.0 = Debug|Any CPU
		{13AE3E4A-35CD-45F9-9AB4-B142EF8E900A}.Release|Any CPU.ActiveCfg = Release|Any CPU
		{13AE3E4A-35CD-45F9-9AB4-B142EF8E900A}.Release|Any CPU.Build.0 = Release|Any CPU
		{41D7D4BF-58F7-4861-9F46-95F582EF26B6}.Debug|Any CPU.ActiveCfg = Debug|Any CPU
		{41D7D4BF-58F7-4861-9F46-95F582EF26B6}.Debug|Any CPU.Build.0 = Debug|Any CPU
		{41D7D4BF-58F7-4861-9F46-95F582EF26B6}.Release|Any CPU.ActiveCfg = Release|Any CPU
		{41D7D4BF-58F7-4861-9F46-95F582EF26B6}.Release|Any CPU.Build.0 = Release|Any CPU
		{95C6AB86-0FE3-4B00-AFA2-5AF852C7C3B6}.Debug|Any CPU.ActiveCfg = Debug|Any CPU
		{95C6AB86-0FE3-4B00-AFA2-5AF852C7C3B6}.Debug|Any CPU.Build.0 = Debug|Any CPU
		{95C6AB86-0FE3-4B00-AFA2-5AF852C7C3B6}.Release|Any CPU.ActiveCfg = Release|Any CPU
		{95C6AB86-0FE3-4B00-AFA2-5AF852C7C3B6}.Release|Any CPU.Build.0 = Release|Any CPU
		{AAF9B8D3-736E-40AC-935B-F44043EC2691}.Debug|Any CPU.ActiveCfg = Debug|Any CPU
		{AAF9B8D3-736E-40AC-935B-F44043EC2691}.Debug|Any CPU.Build.0 = Debug|Any CPU
		{AAF9B8D3-736E-40AC-935B-F44043EC2691}.Release|Any CPU.ActiveCfg = Release|Any CPU
		{AAF9B8D3-736E-40AC-935B-F44043EC2691}.Release|Any CPU.Build.0 = Release|Any CPU
	EndGlobalSection
	GlobalSection(SolutionProperties) = preSolution
		HideSolutionNode = FALSE
	EndGlobalSection
	GlobalSection(ExtensibilityGlobals) = postSolution
		SolutionGuid = {7A11D912-E5F0-443C-864D-B1A9E9C06AD4}
	EndGlobalSection
EndGlobal
